
Microsoft Visual Studio Solution File, Format Version 12.00
# Visual Studio Version 17
VisualStudioVersion = 17.14.36623.8
MinimumVisualStudioVersion = 10.0.40219.1
Project("{FAE04EC0-301F-11D3-BF4B-00C04F79EFBC}") = "Tsumiki", "Tsumiki\Tsumiki.csproj", "{EAF211C9-26D5-4CF0-AA2E-6B45463245B2}"
EndProject
Project("{FAE04EC0-301F-11D3-BF4B-00C04F79EFBC}") = "Tsumiki.SourceGenerator", "Tsumiki.SourceGenerator\Tsumiki.SourceGenerator.csproj", "{EDF7CB47-D1E4-4661-9E78-9E182572D17B}"
EndProject
Project("{FAE04EC0-301F-11D3-BF4B-00C04F79EFBC}") = "Tsumiki.Core", "Tsumiki.Core\Tsumiki.Core.csproj", "{4C50B55C-FE5A-5D90-5EC4-D76571599C86}"
EndProject
Project("{FAE04EC0-301F-11D3-BF4B-00C04F79EFBC}") = "Tsumiki.Test", "Tsumiki.Test\Tsumiki.Test.csproj", "{19B178CB-F78A-4EF0-AA5F-C953DC084F2F}"
EndProject
Global
	GlobalSection(SolutionConfigurationPlatforms) = preSolution
		Debug|Any CPU = Debug|Any CPU
		Debug|x64 = Debug|x64
		Debug|x86 = Debug|x86
		Release|Any CPU = Release|Any CPU
		Release|x64 = Release|x64
		Release|x86 = Release|x86
	EndGlobalSection
	GlobalSection(ProjectConfigurationPlatforms) = postSolution
		{EAF211C9-26D5-4CF0-AA2E-6B45463245B2}.Debug|Any CPU.ActiveCfg = Debug|Any CPU
		{EAF211C9-26D5-4CF0-AA2E-6B45463245B2}.Debug|Any CPU.Build.0 = Debug|Any CPU
		{EAF211C9-26D5-4CF0-AA2E-6B45463245B2}.Debug|x64.ActiveCfg = Debug|Any CPU
		{EAF211C9-26D5-4CF0-AA2E-6B45463245B2}.Debug|x64.Build.0 = Debug|Any CPU
		{EAF211C9-26D5-4CF0-AA2E-6B45463245B2}.Debug|x86.ActiveCfg = Debug|Any CPU
		{EAF211C9-26D5-4CF0-AA2E-6B45463245B2}.Debug|x86.Build.0 = Debug|Any CPU
		{EAF211C9-26D5-4CF0-AA2E-6B45463245B2}.Release|Any CPU.ActiveCfg = Release|Any CPU
		{EAF211C9-26D5-4CF0-AA2E-6B45463245B2}.Release|Any CPU.Build.0 = Release|Any CPU
		{EAF211C9-26D5-4CF0-AA2E-6B45463245B2}.Release|x64.ActiveCfg = Release|Any CPU
		{EAF211C9-26D5-4CF0-AA2E-6B45463245B2}.Release|x64.Build.0 = Release|Any CPU
		{EAF211C9-26D5-4CF0-AA2E-6B45463245B2}.Release|x86.ActiveCfg = Release|Any CPU
		{EAF211C9-26D5-4CF0-AA2E-6B45463245B2}.Release|x86.Build.0 = Release|Any CPU
		{EDF7CB47-D1E4-4661-9E78-9E182572D17B}.Debug|Any CPU.ActiveCfg = Debug|Any CPU
		{EDF7CB47-D1E4-4661-9E78-9E182572D17B}.Debug|Any CPU.Build.0 = Debug|Any CPU
		{EDF7CB47-D1E4-4661-9E78-9E182572D17B}.Debug|x64.ActiveCfg = Debug|Any CPU
		{EDF7CB47-D1E4-4661-9E78-9E182572D17B}.Debug|x64.Build.0 = Debug|Any CPU
		{EDF7CB47-D1E4-4661-9E78-9E182572D17B}.Debug|x86.ActiveCfg = Debug|Any CPU
		{EDF7CB47-D1E4-4661-9E78-9E182572D17B}.Debug|x86.Build.0 = Debug|Any CPU
		{EDF7CB47-D1E4-4661-9E78-9E182572D17B}.Release|Any CPU.ActiveCfg = Release|Any CPU
		{EDF7CB47-D1E4-4661-9E78-9E182572D17B}.Release|Any CPU.Build.0 = Release|Any CPU
		{EDF7CB47-D1E4-4661-9E78-9E182572D17B}.Release|x64.ActiveCfg = Release|Any CPU
		{EDF7CB47-D1E4-4661-9E78-9E182572D17B}.Release|x64.Build.0 = Release|Any CPU
		{EDF7CB47-D1E4-4661-9E78-9E182572D17B}.Release|x86.ActiveCfg = Release|Any CPU
		{EDF7CB47-D1E4-4661-9E78-9E182572D17B}.Release|x86.Build.0 = Release|Any CPU
		{4C50B55C-FE5A-5D90-5EC4-D76571599C86}.Debug|Any CPU.ActiveCfg = Debug|Any CPU
		{4C50B55C-FE5A-5D90-5EC4-D76571599C86}.Debug|Any CPU.Build.0 = Debug|Any CPU
		{4C50B55C-FE5A-5D90-5EC4-D76571599C86}.Debug|x64.ActiveCfg = Debug|Any CPU
		{4C50B55C-FE5A-5D90-5EC4-D76571599C86}.Debug|x64.Build.0 = Debug|Any CPU
		{4C50B55C-FE5A-5D90-5EC4-D76571599C86}.Debug|x86.ActiveCfg = Debug|Any CPU
		{4C50B55C-FE5A-5D90-5EC4-D76571599C86}.Debug|x86.Build.0 = Debug|Any CPU
		{4C50B55C-FE5A-5D90-5EC4-D76571599C86}.Release|Any CPU.ActiveCfg = Release|Any CPU
		{4C50B55C-FE5A-5D90-5EC4-D76571599C86}.Release|Any CPU.Build.0 = Release|Any CPU
		{4C50B55C-FE5A-5D90-5EC4-D76571599C86}.Release|x64.ActiveCfg = Release|Any CPU
		{4C50B55C-FE5A-5D90-5EC4-D76571599C86}.Release|x64.Build.0 = Release|Any CPU
		{4C50B55C-FE5A-5D90-5EC4-D76571599C86}.Release|x86.ActiveCfg = Release|Any CPU
		{4C50B55C-FE5A-5D90-5EC4-D76571599C86}.Release|x86.Build.0 = Release|Any CPU
		{19B178CB-F78A-4EF0-AA5F-C953DC084F2F}.Debug|Any CPU.ActiveCfg = Debug|Any CPU
		{19B178CB-F78A-4EF0-AA5F-C953DC084F2F}.Debug|Any CPU.Build.0 = Debug|Any CPU
		{19B178CB-F78A-4EF0-AA5F-C953DC084F2F}.Debug|x64.ActiveCfg = Debug|Any CPU
		{19B178CB-F78A-4EF0-AA5F-C953DC084F2F}.Debug|x64.Build.0 = Debug|Any CPU
		{19B178CB-F78A-4EF0-AA5F-C953DC084F2F}.Debug|x86.ActiveCfg = Debug|Any CPU
		{19B178CB-F78A-4EF0-AA5F-C953DC084F2F}.Debug|x86.Build.0 = Debug|Any CPU
		{19B178CB-F78A-4EF0-AA5F-C953DC084F2F}.Release|Any CPU.ActiveCfg = Release|Any CPU
		{19B178CB-F78A-4EF0-AA5F-C953DC084F2F}.Release|Any CPU.Build.0 = Release|Any CPU
		{19B178CB-F78A-4EF0-AA5F-C953DC084F2F}.Release|x64.ActiveCfg = Release|Any CPU
		{19B178CB-F78A-4EF0-AA5F-C953DC084F2F}.Release|x64.Build.0 = Release|Any CPU
		{19B178CB-F78A-4EF0-AA5F-C953DC084F2F}.Release|x86.ActiveCfg = Release|Any CPU
		{19B178CB-F78A-4EF0-AA5F-C953DC084F2F}.Release|x86.Build.0 = Release|Any CPU
	EndGlobalSection
	GlobalSection(SolutionProperties) = preSolution
		HideSolutionNode = FALSE
	EndGlobalSection
	GlobalSection(ExtensibilityGlobals) = postSolution
		SolutionGuid = {DE58883B-1441-481A-A001-D5099ED93109}
	EndGlobalSection
EndGlobal
