
Microsoft Visual Studio Solution File, Format Version 12.00
# Visual Studio Version 18
VisualStudioVersion = 18.0.11205.157
MinimumVisualStudioVersion = 10.0.40219.1
Project("{FAE04EC0-301F-11D3-BF4B-00C04F79EFBC}") = "Tsumiki", "Tsumiki\Tsumiki.csproj", "{EAF211C9-26D5-4CF0-AA2E-6B45463245B2}"
EndProject
Project("{FAE04EC0-301F-11D3-BF4B-00C04F79EFBC}") = "Tsumiki.SourceGenerator", "Tsumiki.SourceGenerator\Tsumiki.SourceGenerator.csproj", "{EDF7CB47-D1E4-4661-9E78-9E182572D17B}"
EndProject
Project("{FAE04EC0-301F-11D3-BF4B-00C04F79EFBC}") = "Tsumiki.Core", "Tsumiki.Core\Tsumiki.Core.csproj", "{4C50B55C-FE5A-5D90-5EC4-D76571599C86}"
EndProject
Project("{FAE04EC0-301F-11D3-BF4B-00C04F79EFBC}") = "Tsumiki.Metadata", "Tsumiki.Metadata\Tsumiki.Metadata.csproj", "{D06C9F9A-2A73-44A4-BDD8-DA19C5236C31}"
EndProject
Project("{FAE04EC0-301F-11D3-BF4B-00C04F79EFBC}") = "Tsumiki.Analyzers", "Tsumiki.Analyzers\Tsumiki.Analyzers.csproj", "{3F9942E4-DF40-4998-8166-43C93C1BB155}"
EndProject
Project("{FAE04EC0-301F-11D3-BF4B-00C04F79EFBC}") = "Tsumiki.View", "Tsumiki.View\Tsumiki.View.csproj", "{19417191-1078-498F-A973-9D4D5E00B9DC}"
EndProject
Project("{FAE04EC0-301F-11D3-BF4B-00C04F79EFBC}") = "Tsumiki.View.Win", "Tsumiki.View.Win\Tsumiki.View.Win.csproj", "{5A0BEF63-E1DB-4839-86B7-694958F3EF5D}"
EndProject
Project("{FAE04EC0-301F-11D3-BF4B-00C04F79EFBC}") = "Tsumiki.View.Test", "Tsumiki.View.Test\Tsumiki.View.Test.csproj", "{53048FED-18A3-4535-8F91-C93A87F6B1DC}"
EndProject
Project("{FAE04EC0-301F-11D3-BF4B-00C04F79EFBC}") = "Tsumiki.Test", "Tsumiki.Test\Tsumiki.Test.csproj", "{BB862579-A9C3-BC94-0710-7C76DD51F70F}"
EndProject
Project("{FAE04EC0-301F-11D3-BF4B-00C04F79EFBC}") = "Tsumiki.View.SourceGenerator", "Tsumiki.View.SourceGenerator\Tsumiki.View.SourceGenerator.csproj", "{78CFD007-5D78-4F1B-963B-7EC5311D059C}"
EndProject
Project("{FAE04EC0-301F-11D3-BF4B-00C04F79EFBC}") = "Tsumiki.Validator", "Tsumiki.Validator\Tsumiki.Validator.csproj", "{0068E35D-22C4-44B3-BCAD-7357E0C236BB}"
EndProject
Global
	GlobalSection(SolutionConfigurationPlatforms) = preSolution
		Debug|Any CPU = Debug|Any CPU
		Debug|x64 = Debug|x64
		Debug|x86 = Debug|x86
		Release|Any CPU = Release|Any CPU
		Release|x64 = Release|x64
		Release|x86 = Release|x86
	EndGlobalSection
	GlobalSection(ProjectConfigurationPlatforms) = postSolution
		{EAF211C9-26D5-4CF0-AA2E-6B45463245B2}.Debug|Any CPU.ActiveCfg = Debug|Any CPU
		{EAF211C9-26D5-4CF0-AA2E-6B45463245B2}.Debug|Any CPU.Build.0 = Debug|Any CPU
		{EAF211C9-26D5-4CF0-AA2E-6B45463245B2}.Debug|x64.ActiveCfg = Debug|Any CPU
		{EAF211C9-26D5-4CF0-AA2E-6B45463245B2}.Debug|x64.Build.0 = Debug|Any CPU
		{EAF211C9-26D5-4CF0-AA2E-6B45463245B2}.Debug|x86.ActiveCfg = Debug|Any CPU
		{EAF211C9-26D5-4CF0-AA2E-6B45463245B2}.Debug|x86.Build.0 = Debug|Any CPU
		{EAF211C9-26D5-4CF0-AA2E-6B45463245B2}.Release|Any CPU.ActiveCfg = Release|Any CPU
		{EAF211C9-26D5-4CF0-AA2E-6B45463245B2}.Release|Any CPU.Build.0 = Release|Any CPU
		{EAF211C9-26D5-4CF0-AA2E-6B45463245B2}.Release|x64.ActiveCfg = Release|Any CPU
		{EAF211C9-26D5-4CF0-AA2E-6B45463245B2}.Release|x64.Build.0 = Release|Any CPU
		{EAF211C9-26D5-4CF0-AA2E-6B45463245B2}.Release|x86.ActiveCfg = Release|Any CPU
		{EAF211C9-26D5-4CF0-AA2E-6B45463245B2}.Release|x86.Build.0 = Release|Any CPU
		{EDF7CB47-D1E4-4661-9E78-9E182572D17B}.Debug|Any CPU.ActiveCfg = Debug|Any CPU
		{EDF7CB47-D1E4-4661-9E78-9E182572D17B}.Debug|Any CPU.Build.0 = Debug|Any CPU
		{EDF7CB47-D1E4-4661-9E78-9E182572D17B}.Debug|x64.ActiveCfg = Debug|Any CPU
		{EDF7CB47-D1E4-4661-9E78-9E182572D17B}.Debug|x64.Build.0 = Debug|Any CPU
		{EDF7CB47-D1E4-4661-9E78-9E182572D17B}.Debug|x86.ActiveCfg = Debug|Any CPU
		{EDF7CB47-D1E4-4661-9E78-9E182572D17B}.Debug|x86.Build.0 = Debug|Any CPU
		{EDF7CB47-D1E4-4661-9E78-9E182572D17B}.Release|Any CPU.ActiveCfg = Release|Any CPU
		{EDF7CB47-D1E4-4661-9E78-9E182572D17B}.Release|Any CPU.Build.0 = Release|Any CPU
		{EDF7CB47-D1E4-4661-9E78-9E182572D17B}.Release|x64.ActiveCfg = Release|Any CPU
		{EDF7CB47-D1E4-4661-9E78-9E182572D17B}.Release|x64.Build.0 = Release|Any CPU
		{EDF7CB47-D1E4-4661-9E78-9E182572D17B}.Release|x86.ActiveCfg = Release|Any CPU
		{EDF7CB47-D1E4-4661-9E78-9E182572D17B}.Release|x86.Build.0 = Release|Any CPU
		{4C50B55C-FE5A-5D90-5EC4-D76571599C86}.Debug|Any CPU.ActiveCfg = Debug|Any CPU
		{4C50B55C-FE5A-5D90-5EC4-D76571599C86}.Debug|Any CPU.Build.0 = Debug|Any CPU
		{4C50B55C-FE5A-5D90-5EC4-D76571599C86}.Debug|x64.ActiveCfg = Debug|Any CPU
		{4C50B55C-FE5A-5D90-5EC4-D76571599C86}.Debug|x64.Build.0 = Debug|Any CPU
		{4C50B55C-FE5A-5D90-5EC4-D76571599C86}.Debug|x86.ActiveCfg = Debug|Any CPU
		{4C50B55C-FE5A-5D90-5EC4-D76571599C86}.Debug|x86.Build.0 = Debug|Any CPU
		{4C50B55C-FE5A-5D90-5EC4-D76571599C86}.Release|Any CPU.ActiveCfg = Release|Any CPU
		{4C50B55C-FE5A-5D90-5EC4-D76571599C86}.Release|Any CPU.Build.0 = Release|Any CPU
		{4C50B55C-FE5A-5D90-5EC4-D76571599C86}.Release|x64.ActiveCfg = Release|Any CPU
		{4C50B55C-FE5A-5D90-5EC4-D76571599C86}.Release|x64.Build.0 = Release|Any CPU
		{4C50B55C-FE5A-5D90-5EC4-D76571599C86}.Release|x86.ActiveCfg = Release|Any CPU
		{4C50B55C-FE5A-5D90-5EC4-D76571599C86}.Release|x86.Build.0 = Release|Any CPU
		{D06C9F9A-2A73-44A4-BDD8-DA19C5236C31}.Debug|Any CPU.ActiveCfg = Debug|Any CPU
		{D06C9F9A-2A73-44A4-BDD8-DA19C5236C31}.Debug|Any CPU.Build.0 = Debug|Any CPU
		{D06C9F9A-2A73-44A4-BDD8-DA19C5236C31}.Debug|x64.ActiveCfg = Debug|Any CPU
		{D06C9F9A-2A73-44A4-BDD8-DA19C5236C31}.Debug|x64.Build.0 = Debug|Any CPU
		{D06C9F9A-2A73-44A4-BDD8-DA19C5236C31}.Debug|x86.ActiveCfg = Debug|Any CPU
		{D06C9F9A-2A73-44A4-BDD8-DA19C5236C31}.Debug|x86.Build.0 = Debug|Any CPU
		{D06C9F9A-2A73-44A4-BDD8-DA19C5236C31}.Release|Any CPU.ActiveCfg = Release|Any CPU
		{D06C9F9A-2A73-44A4-BDD8-DA19C5236C31}.Release|Any CPU.Build.0 = Release|Any CPU
		{D06C9F9A-2A73-44A4-BDD8-DA19C5236C31}.Release|x64.ActiveCfg = Release|Any CPU
		{D06C9F9A-2A73-44A4-BDD8-DA19C5236C31}.Release|x64.Build.0 = Release|Any CPU
		{D06C9F9A-2A73-44A4-BDD8-DA19C5236C31}.Release|x86.ActiveCfg = Release|Any CPU
		{D06C9F9A-2A73-44A4-BDD8-DA19C5236C31}.Release|x86.Build.0 = Release|Any CPU
		{3F9942E4-DF40-4998-8166-43C93C1BB155}.Debug|Any CPU.ActiveCfg = Debug|Any CPU
		{3F9942E4-DF40-4998-8166-43C93C1BB155}.Debug|Any CPU.Build.0 = Debug|Any CPU
		{3F9942E4-DF40-4998-8166-43C93C1BB155}.Debug|x64.ActiveCfg = Debug|Any CPU
		{3F9942E4-DF40-4998-8166-43C93C1BB155}.Debug|x64.Build.0 = Debug|Any CPU
		{3F9942E4-DF40-4998-8166-43C93C1BB155}.Debug|x86.ActiveCfg = Debug|Any CPU
		{3F9942E4-DF40-4998-8166-43C93C1BB155}.Debug|x86.Build.0 = Debug|Any CPU
		{3F9942E4-DF40-4998-8166-43C93C1BB155}.Release|Any CPU.ActiveCfg = Release|Any CPU
		{3F9942E4-DF40-4998-8166-43C93C1BB155}.Release|Any CPU.Build.0 = Release|Any CPU
		{3F9942E4-DF40-4998-8166-43C93C1BB155}.Release|x64.ActiveCfg = Release|Any CPU
		{3F9942E4-DF40-4998-8166-43C93C1BB155}.Release|x64.Build.0 = Release|Any CPU
		{3F9942E4-DF40-4998-8166-43C93C1BB155}.Release|x86.ActiveCfg = Release|Any CPU
		{3F9942E4-DF40-4998-8166-43C93C1BB155}.Release|x86.Build.0 = Release|Any CPU
		{19417191-1078-498F-A973-9D4D5E00B9DC}.Debug|Any CPU.ActiveCfg = Debug|Any CPU
		{19417191-1078-498F-A973-9D4D5E00B9DC}.Debug|Any CPU.Build.0 = Debug|Any CPU
		{19417191-1078-498F-A973-9D4D5E00B9DC}.Debug|x64.ActiveCfg = Debug|Any CPU
		{19417191-1078-498F-A973-9D4D5E00B9DC}.Debug|x64.Build.0 = Debug|Any CPU
		{19417191-1078-498F-A973-9D4D5E00B9DC}.Debug|x86.ActiveCfg = Debug|Any CPU
		{19417191-1078-498F-A973-9D4D5E00B9DC}.Debug|x86.Build.0 = Debug|Any CPU
		{19417191-1078-498F-A973-9D4D5E00B9DC}.Release|Any CPU.ActiveCfg = Release|Any CPU
		{19417191-1078-498F-A973-9D4D5E00B9DC}.Release|Any CPU.Build.0 = Release|Any CPU
		{19417191-1078-498F-A973-9D4D5E00B9DC}.Release|x64.ActiveCfg = Release|Any CPU
		{19417191-1078-498F-A973-9D4D5E00B9DC}.Release|x64.Build.0 = Release|Any CPU
		{19417191-1078-498F-A973-9D4D5E00B9DC}.Release|x86.ActiveCfg = Release|Any CPU
		{19417191-1078-498F-A973-9D4D5E00B9DC}.Release|x86.Build.0 = Release|Any CPU
		{5A0BEF63-E1DB-4839-86B7-694958F3EF5D}.Debug|Any CPU.ActiveCfg = Debug|Any CPU
		{5A0BEF63-E1DB-4839-86B7-694958F3EF5D}.Debug|Any CPU.Build.0 = Debug|Any CPU
		{5A0BEF63-E1DB-4839-86B7-694958F3EF5D}.Debug|x64.ActiveCfg = Debug|Any CPU
		{5A0BEF63-E1DB-4839-86B7-694958F3EF5D}.Debug|x64.Build.0 = Debug|Any CPU
		{5A0BEF63-E1DB-4839-86B7-694958F3EF5D}.Debug|x86.ActiveCfg = Debug|Any CPU
		{5A0BEF63-E1DB-4839-86B7-694958F3EF5D}.Debug|x86.Build.0 = Debug|Any CPU
		{5A0BEF63-E1DB-4839-86B7-694958F3EF5D}.Release|Any CPU.ActiveCfg = Release|Any CPU
		{5A0BEF63-E1DB-4839-86B7-694958F3EF5D}.Release|Any CPU.Build.0 = Release|Any CPU
		{5A0BEF63-E1DB-4839-86B7-694958F3EF5D}.Release|x64.ActiveCfg = Release|Any CPU
		{5A0BEF63-E1DB-4839-86B7-694958F3EF5D}.Release|x64.Build.0 = Release|Any CPU
		{5A0BEF63-E1DB-4839-86B7-694958F3EF5D}.Release|x86.ActiveCfg = Release|Any CPU
		{5A0BEF63-E1DB-4839-86B7-694958F3EF5D}.Release|x86.Build.0 = Release|Any CPU
		{53048FED-18A3-4535-8F91-C93A87F6B1DC}.Debug|Any CPU.ActiveCfg = Debug|Any CPU
		{53048FED-18A3-4535-8F91-C93A87F6B1DC}.Debug|Any CPU.Build.0 = Debug|Any CPU
		{53048FED-18A3-4535-8F91-C93A87F6B1DC}.Debug|x64.ActiveCfg = Debug|Any CPU
		{53048FED-18A3-4535-8F91-C93A87F6B1DC}.Debug|x64.Build.0 = Debug|Any CPU
		{53048FED-18A3-4535-8F91-C93A87F6B1DC}.Debug|x86.ActiveCfg = Debug|Any CPU
		{53048FED-18A3-4535-8F91-C93A87F6B1DC}.Debug|x86.Build.0 = Debug|Any CPU
		{53048FED-18A3-4535-8F91-C93A87F6B1DC}.Release|Any CPU.ActiveCfg = Release|Any CPU
		{53048FED-18A3-4535-8F91-C93A87F6B1DC}.Release|Any CPU.Build.0 = Release|Any CPU
		{53048FED-18A3-4535-8F91-C93A87F6B1DC}.Release|x64.ActiveCfg = Release|Any CPU
		{53048FED-18A3-4535-8F91-C93A87F6B1DC}.Release|x64.Build.0 = Release|Any CPU
		{53048FED-18A3-4535-8F91-C93A87F6B1DC}.Release|x86.ActiveCfg = Release|Any CPU
		{53048FED-18A3-4535-8F91-C93A87F6B1DC}.Release|x86.Build.0 = Release|Any CPU
		{BB862579-A9C3-BC94-0710-7C76DD51F70F}.Debug|Any CPU.ActiveCfg = Debug|Any CPU
		{BB862579-A9C3-BC94-0710-7C76DD51F70F}.Debug|Any CPU.Build.0 = Debug|Any CPU
		{BB862579-A9C3-BC94-0710-7C76DD51F70F}.Debug|x64.ActiveCfg = Debug|Any CPU
		{BB862579-A9C3-BC94-0710-7C76DD51F70F}.Debug|x64.Build.0 = Debug|Any CPU
		{BB862579-A9C3-BC94-0710-7C76DD51F70F}.Debug|x86.ActiveCfg = Debug|Any CPU
		{BB862579-A9C3-BC94-0710-7C76DD51F70F}.Debug|x86.Build.0 = Debug|Any CPU
		{BB862579-A9C3-BC94-0710-7C76DD51F70F}.Release|Any CPU.ActiveCfg = Release|Any CPU
		{BB862579-A9C3-BC94-0710-7C76DD51F70F}.Release|Any CPU.Build.0 = Release|Any CPU
		{BB862579-A9C3-BC94-0710-7C76DD51F70F}.Release|x64.ActiveCfg = Release|Any CPU
		{BB862579-A9C3-BC94-0710-7C76DD51F70F}.Release|x64.Build.0 = Release|Any CPU
		{BB862579-A9C3-BC94-0710-7C76DD51F70F}.Release|x86.ActiveCfg = Release|Any CPU
		{BB862579-A9C3-BC94-0710-7C76DD51F70F}.Release|x86.Build.0 = Release|Any CPU
		{78CFD007-5D78-4F1B-963B-7EC5311D059C}.Debug|Any CPU.ActiveCfg = Debug|Any CPU
		{78CFD007-5D78-4F1B-963B-7EC5311D059C}.Debug|Any CPU.Build.0 = Debug|Any CPU
		{78CFD007-5D78-4F1B-963B-7EC5311D059C}.Debug|x64.ActiveCfg = Debug|Any CPU
		{78CFD007-5D78-4F1B-963B-7EC5311D059C}.Debug|x64.Build.0 = Debug|Any CPU
		{78CFD007-5D78-4F1B-963B-7EC5311D059C}.Debug|x86.ActiveCfg = Debug|Any CPU
		{78CFD007-5D78-4F1B-963B-7EC5311D059C}.Debug|x86.Build.0 = Debug|Any CPU
		{78CFD007-5D78-4F1B-963B-7EC5311D059C}.Release|Any CPU.ActiveCfg = Release|Any CPU
		{78CFD007-5D78-4F1B-963B-7EC5311D059C}.Release|Any CPU.Build.0 = Release|Any CPU
		{78CFD007-5D78-4F1B-963B-7EC5311D059C}.Release|x64.ActiveCfg = Release|Any CPU
		{78CFD007-5D78-4F1B-963B-7EC5311D059C}.Release|x64.Build.0 = Release|Any CPU
		{78CFD007-5D78-4F1B-963B-7EC5311D059C}.Release|x86.ActiveCfg = Release|Any CPU
		{78CFD007-5D78-4F1B-963B-7EC5311D059C}.Release|x86.Build.0 = Release|Any CPU
		{0068E35D-22C4-44B3-BCAD-7357E0C236BB}.Debug|Any CPU.ActiveCfg = Debug|Any CPU
		{0068E35D-22C4-44B3-BCAD-7357E0C236BB}.Debug|Any CPU.Build.0 = Debug|Any CPU
		{0068E35D-22C4-44B3-BCAD-7357E0C236BB}.Debug|x64.ActiveCfg = Debug|Any CPU
		{0068E35D-22C4-44B3-BCAD-7357E0C236BB}.Debug|x64.Build.0 = Debug|Any CPU
		{0068E35D-22C4-44B3-BCAD-7357E0C236BB}.Debug|x86.ActiveCfg = Debug|Any CPU
		{0068E35D-22C4-44B3-BCAD-7357E0C236BB}.Debug|x86.Build.0 = Debug|Any CPU
		{0068E35D-22C4-44B3-BCAD-7357E0C236BB}.Release|Any CPU.ActiveCfg = Release|Any CPU
		{0068E35D-22C4-44B3-BCAD-7357E0C236BB}.Release|Any CPU.Build.0 = Release|Any CPU
		{0068E35D-22C4-44B3-BCAD-7357E0C236BB}.Release|x64.ActiveCfg = Release|Any CPU
		{0068E35D-22C4-44B3-BCAD-7357E0C236BB}.Release|x64.Build.0 = Release|Any CPU
		{0068E35D-22C4-44B3-BCAD-7357E0C236BB}.Release|x86.ActiveCfg = Release|Any CPU
		{0068E35D-22C4-44B3-BCAD-7357E0C236BB}.Release|x86.Build.0 = Release|Any CPU
	EndGlobalSection
	GlobalSection(SolutionProperties) = preSolution
		HideSolutionNode = FALSE
	EndGlobalSection
	GlobalSection(ExtensibilityGlobals) = postSolution
		SolutionGuid = {DE58883B-1441-481A-A001-D5099ED93109}
	EndGlobalSection
EndGlobal
